
Microsoft Visual Studio Solution File, Format Version 12.00
# Visual Studio 15
VisualStudioVersion = 15.0.28307.421
MinimumVisualStudioVersion = 10.0.40219.1
Project("{FAE04EC0-301F-11D3-BF4B-00C04F79EFBC}") = "DAL", "DAL\DAL.csproj", "{5CC71348-A3B3-45C4-ACCA-0F188913D17F}"
EndProject
Project("{FAE04EC0-301F-11D3-BF4B-00C04F79EFBC}") = "BLL", "BLL\BLL.csproj", "{79E83DFA-1AA0-4DEB-8E75-9E4D9E741280}"
EndProject
Global
	GlobalSection(SolutionConfigurationPlatforms) = preSolution
		Debug|Any CPU = Debug|Any CPU
		Release|Any CPU = Release|Any CPU
	EndGlobalSection
	GlobalSection(ProjectConfigurationPlatforms) = postSolution
		{5CC71348-A3B3-45C4-ACCA-0F188913D17F}.Debug|Any CPU.ActiveCfg = Debug|Any CPU
		{5CC71348-A3B3-45C4-ACCA-0F188913D17F}.Debug|Any CPU.Build.0 = Debug|Any CPU
		{5CC71348-A3B3-45C4-ACCA-0F188913D17F}.Release|Any CPU.ActiveCfg = Release|Any CPU
		{5CC71348-A3B3-45C4-ACCA-0F188913D17F}.Release|Any CPU.Build.0 = Release|Any CPU
		{79E83DFA-1AA0-4DEB-8E75-9E4D9E741280}.Debug|Any CPU.ActiveCfg = Debug|Any CPU
		{79E83DFA-1AA0-4DEB-8E75-9E4D9E741280}.Debug|Any CPU.Build.0 = Debug|Any CPU
		{79E83DFA-1AA0-4DEB-8E75-9E4D9E741280}.Release|Any CPU.ActiveCfg = Release|Any CPU
		{79E83DFA-1AA0-4DEB-8E75-9E4D9E741280}.Release|Any CPU.Build.0 = Release|Any CPU
	EndGlobalSection
	GlobalSection(SolutionProperties) = preSolution
		HideSolutionNode = FALSE
	EndGlobalSection
	GlobalSection(ExtensibilityGlobals) = postSolution
		SolutionGuid = {201908E5-F9F5-4DA3-BBF8-69C6B5FC9839}
	EndGlobalSection
EndGlobal
